
Microsoft Visual Studio Solution File, Format Version 12.00
# Visual Studio Version 16
VisualStudioVersion = 16.0.33529.622
MinimumVisualStudioVersion = 10.0.40219.1
Project("{FAE04EC0-301F-11D3-BF4B-00C04F79EFBC}") = "contactManagementApplication", "contactManagementApplication.csproj", "{4B621470-096C-488B-A055-8E4410B4FC40}"
EndProject
Global
	GlobalSection(SolutionConfigurationPlatforms) = preSolution
		Debug|Any CPU = Debug|Any CPU
		Release|Any CPU = Release|Any CPU
	EndGlobalSection
	GlobalSection(ProjectConfigurationPlatforms) = postSolution
		{4B621470-096C-488B-A055-8E4410B4FC40}.Debug|Any CPU.ActiveCfg = Debug|Any CPU
		{4B621470-096C-488B-A055-8E4410B4FC40}.Debug|Any CPU.Build.0 = Debug|Any CPU
		{4B621470-096C-488B-A055-8E4410B4FC40}.Release|Any CPU.ActiveCfg = Release|Any CPU
		{4B621470-096C-488B-A055-8E4410B4FC40}.Release|Any CPU.Build.0 = Release|Any CPU
	EndGlobalSection
	GlobalSection(SolutionProperties) = preSolution
		HideSolutionNode = FALSE
	EndGlobalSection
	GlobalSection(ExtensibilityGlobals) = postSolution
		SolutionGuid = {ABB77DDD-2959-4100-A896-C893478E6C2E}
	EndGlobalSection
EndGlobal
